
Microsoft Visual Studio Solution File, Format Version 12.00
# Visual Studio Version 17
VisualStudioVersion = 17.11.35303.130
MinimumVisualStudioVersion = 10.0.40219.1
Project("{FAE04EC0-301F-11D3-BF4B-00C04F79EFBC}") = "BetteRFlowWebApp", "BetteRFlowWebApp.csproj", "{0A6FFD93-DB71-49C5-A4DD-42196EA95003}"
EndProject
Global
	GlobalSection(SolutionConfigurationPlatforms) = preSolution
		Debug|Any CPU = Debug|Any CPU
		Release|Any CPU = Release|Any CPU
	EndGlobalSection
	GlobalSection(ProjectConfigurationPlatforms) = postSolution
		{0A6FFD93-DB71-49C5-A4DD-42196EA95003}.Debug|Any CPU.ActiveCfg = Debug|Any CPU
		{0A6FFD93-DB71-49C5-A4DD-42196EA95003}.Debug|Any CPU.Build.0 = Debug|Any CPU
		{0A6FFD93-DB71-49C5-A4DD-42196EA95003}.Release|Any CPU.ActiveCfg = Release|Any CPU
		{0A6FFD93-DB71-49C5-A4DD-42196EA95003}.Release|Any CPU.Build.0 = Release|Any CPU
	EndGlobalSection
	GlobalSection(SolutionProperties) = preSolution
		HideSolutionNode = FALSE
	EndGlobalSection
	GlobalSection(ExtensibilityGlobals) = postSolution
		SolutionGuid = {20450CCC-D9D9-4651-A32B-798AA6CBC1E2}
	EndGlobalSection
EndGlobal
